
Microsoft Visual Studio Solution File, Format Version 12.00
# Visual Studio Version 17
VisualStudioVersion = 17.8.34511.84
MinimumVisualStudioVersion = 10.0.40219.1
Project("{FAE04EC0-301F-11D3-BF4B-00C04F79EFBC}") = "OOP-Enums", "OOP-Enums\OOP-Enums.csproj", "{87209C13-3325-4C8B-8CA2-93A462326BCC}"
EndProject
Global
	GlobalSection(SolutionConfigurationPlatforms) = preSolution
		Debug|Any CPU = Debug|Any CPU
		Release|Any CPU = Release|Any CPU
	EndGlobalSection
	GlobalSection(ProjectConfigurationPlatforms) = postSolution
		{87209C13-3325-4C8B-8CA2-93A462326BCC}.Debug|Any CPU.ActiveCfg = Debug|Any CPU
		{87209C13-3325-4C8B-8CA2-93A462326BCC}.Debug|Any CPU.Build.0 = Debug|Any CPU
		{87209C13-3325-4C8B-8CA2-93A462326BCC}.Release|Any CPU.ActiveCfg = Release|Any CPU
		{87209C13-3325-4C8B-8CA2-93A462326BCC}.Release|Any CPU.Build.0 = Release|Any CPU
	EndGlobalSection
	GlobalSection(SolutionProperties) = preSolution
		HideSolutionNode = FALSE
	EndGlobalSection
	GlobalSection(ExtensibilityGlobals) = postSolution
		SolutionGuid = {AA0E8903-FBFB-43F3-9651-26E0D65689F3}
	EndGlobalSection
EndGlobal
